
Microsoft Visual Studio Solution File, Format Version 12.00
# Visual Studio Version 17
VisualStudioVersion = 17.11.35303.130
MinimumVisualStudioVersion = 10.0.40219.1
Project("{FAE04EC0-301F-11D3-BF4B-00C04F79EFBC}") = "RingRaceApp", "RingRaceApp.csproj", "{F33D2EF1-9ABC-430B-B89C-8FE3F8108C12}"
EndProject
Project("{FAE04EC0-301F-11D3-BF4B-00C04F79EFBC}") = "RingRaceLab", "..\RingRaceLab\RingRaceLab.csproj", "{42572A2B-BF4E-4B21-928F-A9A176273C77}"
EndProject
Project("{FAE04EC0-301F-11D3-BF4B-00C04F79EFBC}") = "RingRaceTestProject", "..\UnitTestProject\RingRaceTestProject.csproj", "{588B8299-6058-4A56-9794-701A1701CBE4}"
EndProject
Global
	GlobalSection(SolutionConfigurationPlatforms) = preSolution
		Debug|Any CPU = Debug|Any CPU
		Release|Any CPU = Release|Any CPU
	EndGlobalSection
	GlobalSection(ProjectConfigurationPlatforms) = postSolution
		{F33D2EF1-9ABC-430B-B89C-8FE3F8108C12}.Debug|Any CPU.ActiveCfg = Debug|Any CPU
		{F33D2EF1-9ABC-430B-B89C-8FE3F8108C12}.Debug|Any CPU.Build.0 = Debug|Any CPU
		{F33D2EF1-9ABC-430B-B89C-8FE3F8108C12}.Release|Any CPU.ActiveCfg = Release|Any CPU
		{F33D2EF1-9ABC-430B-B89C-8FE3F8108C12}.Release|Any CPU.Build.0 = Release|Any CPU
		{42572A2B-BF4E-4B21-928F-A9A176273C77}.Debug|Any CPU.ActiveCfg = Debug|Any CPU
		{42572A2B-BF4E-4B21-928F-A9A176273C77}.Debug|Any CPU.Build.0 = Debug|Any CPU
		{42572A2B-BF4E-4B21-928F-A9A176273C77}.Release|Any CPU.ActiveCfg = Release|Any CPU
		{42572A2B-BF4E-4B21-928F-A9A176273C77}.Release|Any CPU.Build.0 = Release|Any CPU
		{588B8299-6058-4A56-9794-701A1701CBE4}.Debug|Any CPU.ActiveCfg = Debug|Any CPU
		{588B8299-6058-4A56-9794-701A1701CBE4}.Debug|Any CPU.Build.0 = Debug|Any CPU
		{588B8299-6058-4A56-9794-701A1701CBE4}.Release|Any CPU.ActiveCfg = Release|Any CPU
		{588B8299-6058-4A56-9794-701A1701CBE4}.Release|Any CPU.Build.0 = Release|Any CPU
	EndGlobalSection
	GlobalSection(SolutionProperties) = preSolution
		HideSolutionNode = FALSE
	EndGlobalSection
	GlobalSection(ExtensibilityGlobals) = postSolution
		SolutionGuid = {E03F641A-F21F-4534-A100-5438AEE5B924}
	EndGlobalSection
EndGlobal
