
Microsoft Visual Studio Solution File, Format Version 12.00
# Visual Studio Version 17
VisualStudioVersion = 17.11.35303.130
MinimumVisualStudioVersion = 10.0.40219.1
Project("{FAE04EC0-301F-11D3-BF4B-00C04F79EFBC}") = "RingRaceApp", "..\RingRaceApp\RingRaceApp.csproj", "{1AED343A-E45F-408E-B477-0A2E135C236F}"
EndProject
Project("{FAE04EC0-301F-11D3-BF4B-00C04F79EFBC}") = "RingRaceLibrary", "..\RingRaceLibrary\RingRaceLibrary.csproj", "{FF63FC10-1E2B-4142-BA16-233BEDA34464}"
EndProject
Global
	GlobalSection(SolutionConfigurationPlatforms) = preSolution
		Debug|Any CPU = Debug|Any CPU
		Release|Any CPU = Release|Any CPU
	EndGlobalSection
	GlobalSection(ProjectConfigurationPlatforms) = postSolution
		{1AED343A-E45F-408E-B477-0A2E135C236F}.Debug|Any CPU.ActiveCfg = Debug|Any CPU
		{1AED343A-E45F-408E-B477-0A2E135C236F}.Debug|Any CPU.Build.0 = Debug|Any CPU
		{1AED343A-E45F-408E-B477-0A2E135C236F}.Release|Any CPU.ActiveCfg = Release|Any CPU
		{1AED343A-E45F-408E-B477-0A2E135C236F}.Release|Any CPU.Build.0 = Release|Any CPU
		{FF63FC10-1E2B-4142-BA16-233BEDA34464}.Debug|Any CPU.ActiveCfg = Debug|Any CPU
		{FF63FC10-1E2B-4142-BA16-233BEDA34464}.Debug|Any CPU.Build.0 = Debug|Any CPU
		{FF63FC10-1E2B-4142-BA16-233BEDA34464}.Release|Any CPU.ActiveCfg = Release|Any CPU
		{FF63FC10-1E2B-4142-BA16-233BEDA34464}.Release|Any CPU.Build.0 = Release|Any CPU
	EndGlobalSection
	GlobalSection(SolutionProperties) = preSolution
		HideSolutionNode = FALSE
	EndGlobalSection
	GlobalSection(ExtensibilityGlobals) = postSolution
		SolutionGuid = {0C2F50B4-2E88-44A6-9795-55315AF26387}
	EndGlobalSection
EndGlobal
